
Microsoft Visual Studio Solution File, Format Version 12.00
# Visual Studio Version 16
VisualStudioVersion = 16.0.33214.272
MinimumVisualStudioVersion = 10.0.40219.1
Project("{FAE04EC0-301F-11D3-BF4B-00C04F79EFBC}") = "DataMap", "DataMap\DataMap.csproj", "{2BE27E21-66C8-4869-A101-010E551DF76D}"
EndProject
Global
	GlobalSection(SolutionConfigurationPlatforms) = preSolution
		Debug|Any CPU = Debug|Any CPU
		Release|Any CPU = Release|Any CPU
	EndGlobalSection
	GlobalSection(ProjectConfigurationPlatforms) = postSolution
		{2BE27E21-66C8-4869-A101-010E551DF76D}.Debug|Any CPU.ActiveCfg = Debug|Any CPU
		{2BE27E21-66C8-4869-A101-010E551DF76D}.Debug|Any CPU.Build.0 = Debug|Any CPU
		{2BE27E21-66C8-4869-A101-010E551DF76D}.Release|Any CPU.ActiveCfg = Release|Any CPU
		{2BE27E21-66C8-4869-A101-010E551DF76D}.Release|Any CPU.Build.0 = Release|Any CPU
	EndGlobalSection
	GlobalSection(SolutionProperties) = preSolution
		HideSolutionNode = FALSE
	EndGlobalSection
	GlobalSection(ExtensibilityGlobals) = postSolution
		SolutionGuid = {8078E3C3-424A-4EC2-AE75-E121E41EAD44}
	EndGlobalSection
EndGlobal
